
Microsoft Visual Studio Solution File, Format Version 12.00
# Visual Studio Version 16
VisualStudioVersion = 16.0.34031.81
MinimumVisualStudioVersion = 10.0.40219.1
Project("{9A19103F-16F7-4668-BE54-9A1E7A4F7556}") = "CoursWeeks", "CoursWeeks\CoursWeeks.csproj", "{E657E9B7-D3A0-4951-A46F-B3F0750A94B4}"
EndProject
Project("{9A19103F-16F7-4668-BE54-9A1E7A4F7556}") = "Oop1", "Oop1\Oop1.csproj", "{47D15558-E34F-4D7F-9C4C-9D82FC22D3F6}"
EndProject
Project("{9A19103F-16F7-4668-BE54-9A1E7A4F7556}") = "Collections", "Collections\Collections.csproj", "{D9AE4181-69C2-4C71-AC93-83C1B7757E9D}"
EndProject
Project("{9A19103F-16F7-4668-BE54-9A1E7A4F7556}") = "GenericsIntro", "GenericsIntro\GenericsIntro.csproj", "{0C6FF759-005C-4C31-9892-22D4A340BE5B}"
EndProject
Project("{9A19103F-16F7-4668-BE54-9A1E7A4F7556}") = "Constructor1", "Constructor1\Constructor1.csproj", "{6ABA56BB-6A00-498A-B106-4BF2225981B7}"
EndProject
Project("{9A19103F-16F7-4668-BE54-9A1E7A4F7556}") = "Dictionary1", "Dictionary1\Dictionary1.csproj", "{C2FB4445-F07B-4F28-877F-39F26AFCB1D0}"
EndProject
Project("{FAE04EC0-301F-11D3-BF4B-00C04F79EFBC}") = "Opp2", "Opp2\Opp2.csproj", "{4D1B67F3-3D0A-49CE-B792-46FE2FA31FC7}"
EndProject
Project("{FAE04EC0-301F-11D3-BF4B-00C04F79EFBC}") = "Oop3", "Oop3\Oop3.csproj", "{084E5D8C-8090-4BAA-A6F2-0D79BBEFA80E}"
EndProject
Global
	GlobalSection(SolutionConfigurationPlatforms) = preSolution
		Debug|Any CPU = Debug|Any CPU
		Release|Any CPU = Release|Any CPU
	EndGlobalSection
	GlobalSection(ProjectConfigurationPlatforms) = postSolution
		{E657E9B7-D3A0-4951-A46F-B3F0750A94B4}.Debug|Any CPU.ActiveCfg = Debug|Any CPU
		{E657E9B7-D3A0-4951-A46F-B3F0750A94B4}.Debug|Any CPU.Build.0 = Debug|Any CPU
		{E657E9B7-D3A0-4951-A46F-B3F0750A94B4}.Release|Any CPU.ActiveCfg = Release|Any CPU
		{E657E9B7-D3A0-4951-A46F-B3F0750A94B4}.Release|Any CPU.Build.0 = Release|Any CPU
		{47D15558-E34F-4D7F-9C4C-9D82FC22D3F6}.Debug|Any CPU.ActiveCfg = Debug|Any CPU
		{47D15558-E34F-4D7F-9C4C-9D82FC22D3F6}.Debug|Any CPU.Build.0 = Debug|Any CPU
		{47D15558-E34F-4D7F-9C4C-9D82FC22D3F6}.Release|Any CPU.ActiveCfg = Release|Any CPU
		{47D15558-E34F-4D7F-9C4C-9D82FC22D3F6}.Release|Any CPU.Build.0 = Release|Any CPU
		{D9AE4181-69C2-4C71-AC93-83C1B7757E9D}.Debug|Any CPU.ActiveCfg = Debug|Any CPU
		{D9AE4181-69C2-4C71-AC93-83C1B7757E9D}.Debug|Any CPU.Build.0 = Debug|Any CPU
		{D9AE4181-69C2-4C71-AC93-83C1B7757E9D}.Release|Any CPU.ActiveCfg = Release|Any CPU
		{D9AE4181-69C2-4C71-AC93-83C1B7757E9D}.Release|Any CPU.Build.0 = Release|Any CPU
		{0C6FF759-005C-4C31-9892-22D4A340BE5B}.Debug|Any CPU.ActiveCfg = Debug|Any CPU
		{0C6FF759-005C-4C31-9892-22D4A340BE5B}.Debug|Any CPU.Build.0 = Debug|Any CPU
		{0C6FF759-005C-4C31-9892-22D4A340BE5B}.Release|Any CPU.ActiveCfg = Release|Any CPU
		{0C6FF759-005C-4C31-9892-22D4A340BE5B}.Release|Any CPU.Build.0 = Release|Any CPU
		{6ABA56BB-6A00-498A-B106-4BF2225981B7}.Debug|Any CPU.ActiveCfg = Debug|Any CPU
		{6ABA56BB-6A00-498A-B106-4BF2225981B7}.Debug|Any CPU.Build.0 = Debug|Any CPU
		{6ABA56BB-6A00-498A-B106-4BF2225981B7}.Release|Any CPU.ActiveCfg = Release|Any CPU
		{6ABA56BB-6A00-498A-B106-4BF2225981B7}.Release|Any CPU.Build.0 = Release|Any CPU
		{C2FB4445-F07B-4F28-877F-39F26AFCB1D0}.Debug|Any CPU.ActiveCfg = Debug|Any CPU
		{C2FB4445-F07B-4F28-877F-39F26AFCB1D0}.Debug|Any CPU.Build.0 = Debug|Any CPU
		{C2FB4445-F07B-4F28-877F-39F26AFCB1D0}.Release|Any CPU.ActiveCfg = Release|Any CPU
		{C2FB4445-F07B-4F28-877F-39F26AFCB1D0}.Release|Any CPU.Build.0 = Release|Any CPU
		{4D1B67F3-3D0A-49CE-B792-46FE2FA31FC7}.Debug|Any CPU.ActiveCfg = Debug|Any CPU
		{4D1B67F3-3D0A-49CE-B792-46FE2FA31FC7}.Debug|Any CPU.Build.0 = Debug|Any CPU
		{4D1B67F3-3D0A-49CE-B792-46FE2FA31FC7}.Release|Any CPU.ActiveCfg = Release|Any CPU
		{4D1B67F3-3D0A-49CE-B792-46FE2FA31FC7}.Release|Any CPU.Build.0 = Release|Any CPU
		{084E5D8C-8090-4BAA-A6F2-0D79BBEFA80E}.Debug|Any CPU.ActiveCfg = Debug|Any CPU
		{084E5D8C-8090-4BAA-A6F2-0D79BBEFA80E}.Debug|Any CPU.Build.0 = Debug|Any CPU
		{084E5D8C-8090-4BAA-A6F2-0D79BBEFA80E}.Release|Any CPU.ActiveCfg = Release|Any CPU
		{084E5D8C-8090-4BAA-A6F2-0D79BBEFA80E}.Release|Any CPU.Build.0 = Release|Any CPU
	EndGlobalSection
	GlobalSection(SolutionProperties) = preSolution
		HideSolutionNode = FALSE
	EndGlobalSection
	GlobalSection(ExtensibilityGlobals) = postSolution
		SolutionGuid = {CD99FACA-7536-433B-B1EA-8F1841ECD68C}
	EndGlobalSection
EndGlobal
